# THIS IS AN AUTOGENERATED FILE. DO NOT EDIT THIS FILE DIRECTLY.
# yarn lockfile v1


minimal-state@^2.1.1:
  version "2.1.1"
  resolved "https://registry.yarnpkg.com/minimal-state/-/minimal-state-2.1.1.tgz#536216bceb7c5ff0089279cdff8427461fbbfe2f"
  integrity sha512-x6p6Nz7wb7yU0+aglOWhapS3cWWevJxZQ9CnhBOZWnsgl2wEltK7G5TbJmNI/zC5rgbCpNGHQ7Xp/Q6qNFF77Q==

signalhub-light-client@^1.0.0:
  version "1.0.0"
  resolved "https://registry.yarnpkg.com/signalhub-light-client/-/signalhub-light-client-1.0.0.tgz#b3086e17acfb941483ea3533175fe132c2ca13c8"
  integrity sha512-7mY3rNFfRkJhM14RmGocwTk/Rj7uTygErKlHMmS5aut+g4n19n1WA0NLWx8UbDLR/fskDU3WsdKpRlDoaTBtwA==

simple-peer-light@^1.0.0:
  version "1.0.0"
  resolved "https://registry.yarnpkg.com/simple-peer-light/-/simple-peer-light-1.0.0.tgz#2a9b478cf70d8f7e8885f7ba3544877dd6377582"
  integrity sha512-F5tPuIb4j0Sjv9ZK1w57iaqCeGcf3s8XgZEUKR0LE710TxutBd4yzqGyLMA+Vg5anMwi9oyWOld9xL4aMSwLyA==
