# THIS IS AN AUTOGENERATED FILE. DO NOT EDIT THIS FILE DIRECTLY.
# yarn lockfile v1


minimal-state@^5.5.0:
  version "5.5.0"
  resolved "https://registry.yarnpkg.com/minimal-state/-/minimal-state-5.5.0.tgz#a13ecaa207a539762e5733c84796d7a1d93c8828"
  integrity sha512-B2SaxC/WpUXtjYvWz83mBQzd1BdwTIujjAeEFPd3RVXL9dJz4qpiEm6F/6ktECXCFcPXLHZMkxHpJ7DWXppJDA==

simple-peer-light@^1.0.0:
  version "1.0.0"
  resolved "https://registry.yarnpkg.com/simple-peer-light/-/simple-peer-light-1.0.0.tgz#2a9b478cf70d8f7e8885f7ba3544877dd6377582"
  integrity sha512-F5tPuIb4j0Sjv9ZK1w57iaqCeGcf3s8XgZEUKR0LE710TxutBd4yzqGyLMA+Vg5anMwi9oyWOld9xL4aMSwLyA==
