# THIS IS AN AUTOGENERATED FILE. DO NOT EDIT THIS FILE DIRECTLY.
# yarn lockfile v1


minimal-state@^3.0.0:
  version "3.0.0"
  resolved "https://registry.yarnpkg.com/minimal-state/-/minimal-state-3.0.0.tgz#b7e2b3835f8ddafb9ff08c10984ee3c3daf462f9"
  integrity sha512-fXe6R+xSqTaylxuEo8q89aNizUxzVZetMsKgCtquDb3LbiSL0j77DSam/ShsySGoZt2Mja0saqGW8IpxE5/BLw==

signalhub-light-client@^1.0.0:
  version "1.0.0"
  resolved "https://registry.yarnpkg.com/signalhub-light-client/-/signalhub-light-client-1.0.0.tgz#b3086e17acfb941483ea3533175fe132c2ca13c8"
  integrity sha512-7mY3rNFfRkJhM14RmGocwTk/Rj7uTygErKlHMmS5aut+g4n19n1WA0NLWx8UbDLR/fskDU3WsdKpRlDoaTBtwA==

simple-peer-light@^1.0.0:
  version "1.0.0"
  resolved "https://registry.yarnpkg.com/simple-peer-light/-/simple-peer-light-1.0.0.tgz#2a9b478cf70d8f7e8885f7ba3544877dd6377582"
  integrity sha512-F5tPuIb4j0Sjv9ZK1w57iaqCeGcf3s8XgZEUKR0LE710TxutBd4yzqGyLMA+Vg5anMwi9oyWOld9xL4aMSwLyA==
